
Microsoft Visual Studio Solution File, Format Version 12.00
# Visual Studio Version 17
VisualStudioVersion = 17.13.35828.75
MinimumVisualStudioVersion = 10.0.40219.1
Project("{FAE04EC0-301F-11D3-BF4B-00C04F79EFBC}") = "DuoWord.Presentation", "DuoWord.Application\DuoWord.Presentation.csproj", "{1FC8226F-36C1-445A-8D5B-AB267A0A063B}"
EndProject
Project("{FAE04EC0-301F-11D3-BF4B-00C04F79EFBC}") = "DuoWord.Domain", "DuoWord.Domain\DuoWord.Domain.csproj", "{E48F1158-47D7-45C7-AA19-86459119588B}"
EndProject
Project("{FAE04EC0-301F-11D3-BF4B-00C04F79EFBC}") = "DuoWord.Infrastructure", "DuoWord.Infrastructure\DuoWord.Infrastructure.csproj", "{D77E9A79-219C-49C0-AA1E-C31DE2574BAD}"
EndProject
Project("{FAE04EC0-301F-11D3-BF4B-00C04F79EFBC}") = "DuoWords.Application", "DuoWords.Application\DuoWords.Application.csproj", "{C7A947A6-1E20-4089-ADCC-D0DEE5DC42FD}"
EndProject
Project("{FAE04EC0-301F-11D3-BF4B-00C04F79EFBC}") = "DuoWord.Test", "DuoWord.Test\DuoWord.Test.csproj", "{20D72D6D-EE46-4275-AF61-8E6BC7FD6F24}"
EndProject
Global
	GlobalSection(SolutionConfigurationPlatforms) = preSolution
		Debug|Any CPU = Debug|Any CPU
		Release|Any CPU = Release|Any CPU
	EndGlobalSection
	GlobalSection(ProjectConfigurationPlatforms) = postSolution
		{1FC8226F-36C1-445A-8D5B-AB267A0A063B}.Debug|Any CPU.ActiveCfg = Debug|Any CPU
		{1FC8226F-36C1-445A-8D5B-AB267A0A063B}.Debug|Any CPU.Build.0 = Debug|Any CPU
		{1FC8226F-36C1-445A-8D5B-AB267A0A063B}.Release|Any CPU.ActiveCfg = Release|Any CPU
		{1FC8226F-36C1-445A-8D5B-AB267A0A063B}.Release|Any CPU.Build.0 = Release|Any CPU
		{E48F1158-47D7-45C7-AA19-86459119588B}.Debug|Any CPU.ActiveCfg = Debug|Any CPU
		{E48F1158-47D7-45C7-AA19-86459119588B}.Debug|Any CPU.Build.0 = Debug|Any CPU
		{E48F1158-47D7-45C7-AA19-86459119588B}.Release|Any CPU.ActiveCfg = Release|Any CPU
		{E48F1158-47D7-45C7-AA19-86459119588B}.Release|Any CPU.Build.0 = Release|Any CPU
		{D77E9A79-219C-49C0-AA1E-C31DE2574BAD}.Debug|Any CPU.ActiveCfg = Debug|Any CPU
		{D77E9A79-219C-49C0-AA1E-C31DE2574BAD}.Debug|Any CPU.Build.0 = Debug|Any CPU
		{D77E9A79-219C-49C0-AA1E-C31DE2574BAD}.Release|Any CPU.ActiveCfg = Release|Any CPU
		{D77E9A79-219C-49C0-AA1E-C31DE2574BAD}.Release|Any CPU.Build.0 = Release|Any CPU
		{C7A947A6-1E20-4089-ADCC-D0DEE5DC42FD}.Debug|Any CPU.ActiveCfg = Debug|Any CPU
		{C7A947A6-1E20-4089-ADCC-D0DEE5DC42FD}.Debug|Any CPU.Build.0 = Debug|Any CPU
		{C7A947A6-1E20-4089-ADCC-D0DEE5DC42FD}.Release|Any CPU.ActiveCfg = Release|Any CPU
		{C7A947A6-1E20-4089-ADCC-D0DEE5DC42FD}.Release|Any CPU.Build.0 = Release|Any CPU
		{20D72D6D-EE46-4275-AF61-8E6BC7FD6F24}.Debug|Any CPU.ActiveCfg = Debug|Any CPU
		{20D72D6D-EE46-4275-AF61-8E6BC7FD6F24}.Debug|Any CPU.Build.0 = Debug|Any CPU
		{20D72D6D-EE46-4275-AF61-8E6BC7FD6F24}.Release|Any CPU.ActiveCfg = Release|Any CPU
		{20D72D6D-EE46-4275-AF61-8E6BC7FD6F24}.Release|Any CPU.Build.0 = Release|Any CPU
	EndGlobalSection
	GlobalSection(SolutionProperties) = preSolution
		HideSolutionNode = FALSE
	EndGlobalSection
	GlobalSection(ExtensibilityGlobals) = postSolution
		SolutionGuid = {27E79DE9-E108-4435-930D-1F67A9D63DE1}
	EndGlobalSection
EndGlobal
